// !$*UTF8*$!
{
	archiveVersion = 1;
	classes = {
	};
	objectVersion = 50;
	objects = {

/* Begin PBXBuildFile section */
		1E4AB237234E7C8100970E49 /* UserData.swift in Sources */ = {isa = PBXBuildFile; fileRef = 1E4AB236234E7C8100970E49 /* UserData.swift */; };
		1E4AB239234E7E0B00970E49 /* NoteRow.swift in Sources */ = {isa = PBXBuildFile; fileRef = 1E4AB238234E7E0B00970E49 /* NoteRow.swift */; };
		1E4AB23B234E8F5D00970E49 /* NoteEditor.swift in Sources */ = {isa = PBXBuildFile; fileRef = 1E4AB23A234E8F5D00970E49 /* NoteEditor.swift */; };
		1E4AB23D234E8FE700970E49 /* NoteStatic.swift in Sources */ = {isa = PBXBuildFile; fileRef = 1E4AB23C234E8FE700970E49 /* NoteStatic.swift */; };
		1E6EA332234D3A6700504727 /* AppDelegate.swift in Sources */ = {isa = PBXBuildFile; fileRef = 1E6EA331234D3A6700504727 /* AppDelegate.swift */; };
		1E6EA334234D3A6700504727 /* SceneDelegate.swift in Sources */ = {isa = PBXBuildFile; fileRef = 1E6EA333234D3A6700504727 /* SceneDelegate.swift */; };
		1E6EA336234D3A6700504727 /* ContentView.swift in Sources */ = {isa = PBXBuildFile; fileRef = 1E6EA335234D3A6700504727 /* ContentView.swift */; };
		1E6EA338234D3A6800504727 /* Assets.xcassets in Resources */ = {isa = PBXBuildFile; fileRef = 1E6EA337234D3A6800504727 /* Assets.xcassets */; };
		1E6EA33B234D3A6800504727 /* Preview Assets.xcassets in Resources */ = {isa = PBXBuildFile; fileRef = 1E6EA33A234D3A6800504727 /* Preview Assets.xcassets */; };
		1E6EA33E234D3A6800504727 /* LaunchScreen.storyboard in Resources */ = {isa = PBXBuildFile; fileRef = 1E6EA33C234D3A6800504727 /* LaunchScreen.storyboard */; };
		1E6EA346234D3AF700504727 /* NoteCategory.swift in Sources */ = {isa = PBXBuildFile; fileRef = 1E6EA345234D3AF700504727 /* NoteCategory.swift */; };
		1E6EA348234D3B6B00504727 /* Note.swift in Sources */ = {isa = PBXBuildFile; fileRef = 1E6EA347234D3B6B00504727 /* Note.swift */; };
		1E6EA34A234D3C7E00504727 /* notes.json in Resources */ = {isa = PBXBuildFile; fileRef = 1E6EA349234D3C7E00504727 /* notes.json */; };
		1E6EA34D234D3F0500504727 /* Data.swift in Sources */ = {isa = PBXBuildFile; fileRef = 1E6EA34C234D3F0500504727 /* Data.swift */; };
		1E6EA34F234D493C00504727 /* NoteList.swift in Sources */ = {isa = PBXBuildFile; fileRef = 1E6EA34E234D493C00504727 /* NoteList.swift */; };
		1E6EA351234D499900504727 /* NoteDetail.swift in Sources */ = {isa = PBXBuildFile; fileRef = 1E6EA350234D499900504727 /* NoteDetail.swift */; };
/* End PBXBuildFile section */

/* Begin PBXFileReference section */
		1E4AB236234E7C8100970E49 /* UserData.swift */ = {isa = PBXFileReference; lastKnownFileType = sourcecode.swift; path = UserData.swift; sourceTree = "<group>"; };
		1E4AB238234E7E0B00970E49 /* NoteRow.swift */ = {isa = PBXFileReference; lastKnownFileType = sourcecode.swift; path = NoteRow.swift; sourceTree = "<group>"; };
		1E4AB23A234E8F5D00970E49 /* NoteEditor.swift */ = {isa = PBXFileReference; lastKnownFileType = sourcecode.swift; path = NoteEditor.swift; sourceTree = "<group>"; };
		1E4AB23C234E8FE700970E49 /* NoteStatic.swift */ = {isa = PBXFileReference; lastKnownFileType = sourcecode.swift; path = NoteStatic.swift; sourceTree = "<group>"; };
		1E6EA32E234D3A6700504727 /* ExampleSwiftUI.app */ = {isa = PBXFileReference; explicitFileType = wrapper.application; includeInIndex = 0; path = ExampleSwiftUI.app; sourceTree = BUILT_PRODUCTS_DIR; };
		1E6EA331234D3A6700504727 /* AppDelegate.swift */ = {isa = PBXFileReference; lastKnownFileType = sourcecode.swift; path = AppDelegate.swift; sourceTree = "<group>"; };
		1E6EA333234D3A6700504727 /* SceneDelegate.swift */ = {isa = PBXFileReference; lastKnownFileType = sourcecode.swift; path = SceneDelegate.swift; sourceTree = "<group>"; };
		1E6EA335234D3A6700504727 /* ContentView.swift */ = {isa = PBXFileReference; lastKnownFileType = sourcecode.swift; path = ContentView.swift; sourceTree = "<group>"; };
		1E6EA337234D3A6800504727 /* Assets.xcassets */ = {isa = PBXFileReference; lastKnownFileType = folder.assetcatalog; path = Assets.xcassets; sourceTree = "<group>"; };
		1E6EA33A234D3A6800504727 /* Preview Assets.xcassets */ = {isa = PBXFileReference; lastKnownFileType = folder.assetcatalog; path = "Preview Assets.xcassets"; sourceTree = "<group>"; };
		1E6EA33D234D3A6800504727 /* Base */ = {isa = PBXFileReference; lastKnownFileType = file.storyboard; name = Base; path = Base.lproj/LaunchScreen.storyboard; sourceTree = "<group>"; };
		1E6EA33F234D3A6800504727 /* Info.plist */ = {isa = PBXFileReference; lastKnownFileType = text.plist.xml; path = Info.plist; sourceTree = "<group>"; };
		1E6EA345234D3AF700504727 /* NoteCategory.swift */ = {isa = PBXFileReference; lastKnownFileType = sourcecode.swift; path = NoteCategory.swift; sourceTree = "<group>"; };
		1E6EA347234D3B6B00504727 /* Note.swift */ = {isa = PBXFileReference; lastKnownFileType = sourcecode.swift; path = Note.swift; sourceTree = "<group>"; };
		1E6EA349234D3C7E00504727 /* notes.json */ = {isa = PBXFileReference; lastKnownFileType = text.json; path = notes.json; sourceTree = "<group>"; };
		1E6EA34C234D3F0500504727 /* Data.swift */ = {isa = PBXFileReference; lastKnownFileType = sourcecode.swift; path = Data.swift; sourceTree = "<group>"; };
		1E6EA34E234D493C00504727 /* NoteList.swift */ = {isa = PBXFileReference; lastKnownFileType = sourcecode.swift; path = NoteList.swift; sourceTree = "<group>"; };
		1E6EA350234D499900504727 /* NoteDetail.swift */ = {isa = PBXFileReference; lastKnownFileType = sourcecode.swift; path = NoteDetail.swift; sourceTree = "<group>"; };
/* End PBXFileReference section */

/* Begin PBXFrameworksBuildPhase section */
		1E6EA32B234D3A6700504727 /* Frameworks */ = {
			isa = PBXFrameworksBuildPhase;
			buildActionMask = 2147483647;
			files = (
			);
			runOnlyForDeploymentPostprocessing = 0;
		};
/* End PBXFrameworksBuildPhase section */

/* Begin PBXGroup section */
		1E6EA325234D3A6700504727 = {
			isa = PBXGroup;
			children = (
				1E6EA330234D3A6700504727 /* ExampleSwiftUI */,
				1E6EA32F234D3A6700504727 /* Products */,
			);
			sourceTree = "<group>";
		};
		1E6EA32F234D3A6700504727 /* Products */ = {
			isa = PBXGroup;
			children = (
				1E6EA32E234D3A6700504727 /* ExampleSwiftUI.app */,
			);
			name = Products;
			sourceTree = "<group>";
		};
		1E6EA330234D3A6700504727 /* ExampleSwiftUI */ = {
			isa = PBXGroup;
			children = (
				1E6EA331234D3A6700504727 /* AppDelegate.swift */,
				1E6EA333234D3A6700504727 /* SceneDelegate.swift */,
				1E6EA335234D3A6700504727 /* ContentView.swift */,
				1E6EA34E234D493C00504727 /* NoteList.swift */,
				1E4AB236234E7C8100970E49 /* UserData.swift */,
				1E4AB23C234E8FE700970E49 /* NoteStatic.swift */,
				1E4AB238234E7E0B00970E49 /* NoteRow.swift */,
				1E6EA34C234D3F0500504727 /* Data.swift */,
				1E6EA345234D3AF700504727 /* NoteCategory.swift */,
				1E6EA350234D499900504727 /* NoteDetail.swift */,
				1E4AB23A234E8F5D00970E49 /* NoteEditor.swift */,
				1E6EA347234D3B6B00504727 /* Note.swift */,
				1E6EA34B234D3C8800504727 /* Resourcces */,
				1E6EA337234D3A6800504727 /* Assets.xcassets */,
				1E6EA33C234D3A6800504727 /* LaunchScreen.storyboard */,
				1E6EA33F234D3A6800504727 /* Info.plist */,
				1E6EA339234D3A6800504727 /* Preview Content */,
			);
			path = ExampleSwiftUI;
			sourceTree = "<group>";
		};
		1E6EA339234D3A6800504727 /* Preview Content */ = {
			isa = PBXGroup;
			children = (
				1E6EA33A234D3A6800504727 /* Preview Assets.xcassets */,
			);
			path = "Preview Content";
			sourceTree = "<group>";
		};
		1E6EA34B234D3C8800504727 /* Resourcces */ = {
			isa = PBXGroup;
			children = (
				1E6EA349234D3C7E00504727 /* notes.json */,
			);
			path = Resourcces;
			sourceTree = "<group>";
		};
/* End PBXGroup section */

/* Begin PBXNativeTarget section */
		1E6EA32D234D3A6700504727 /* ExampleSwiftUI */ = {
			isa = PBXNativeTarget;
			buildConfigurationList = 1E6EA342234D3A6800504727 /* Build configuration list for PBXNativeTarget "ExampleSwiftUI" */;
			buildPhases = (
				1E6EA32A234D3A6700504727 /* Sources */,
				1E6EA32B234D3A6700504727 /* Frameworks */,
				1E6EA32C234D3A6700504727 /* Resources */,
			);
			buildRules = (
			);
			dependencies = (
			);
			name = ExampleSwiftUI;
			productName = ExampleSwiftUI;
			productReference = 1E6EA32E234D3A6700504727 /* ExampleSwiftUI.app */;
			productType = "com.apple.product-type.application";
		};
/* End PBXNativeTarget section */

/* Begin PBXProject section */
		1E6EA326234D3A6700504727 /* Project object */ = {
			isa = PBXProject;
			attributes = {
				LastSwiftUpdateCheck = 1100;
				LastUpgradeCheck = 1100;
				ORGANIZATIONNAME = "Jonas Blenninger";
				TargetAttributes = {
					1E6EA32D234D3A6700504727 = {
						CreatedOnToolsVersion = 11.0;
					};
				};
			};
			buildConfigurationList = 1E6EA329234D3A6700504727 /* Build configuration list for PBXProject "ExampleSwiftUI" */;
			compatibilityVersion = "Xcode 9.3";
			developmentRegion = en;
			hasScannedForEncodings = 0;
			knownRegions = (
				en,
				Base,
			);
			mainGroup = 1E6EA325234D3A6700504727;
			productRefGroup = 1E6EA32F234D3A6700504727 /* Products */;
			projectDirPath = "";
			projectRoot = "";
			targets = (
				1E6EA32D234D3A6700504727 /* ExampleSwiftUI */,
			);
		};
/* End PBXProject section */

/* Begin PBXResourcesBuildPhase section */
		1E6EA32C234D3A6700504727 /* Resources */ = {
			isa = PBXResourcesBuildPhase;
			buildActionMask = 2147483647;
			files = (
				1E6EA33E234D3A6800504727 /* LaunchScreen.storyboard in Resources */,
				1E6EA33B234D3A6800504727 /* Preview Assets.xcassets in Resources */,
				1E6EA338234D3A6800504727 /* Assets.xcassets in Resources */,
				1E6EA34A234D3C7E00504727 /* notes.json in Resources */,
			);
			runOnlyForDeploymentPostprocessing = 0;
		};
/* End PBXResourcesBuildPhase section */

/* Begin PBXSourcesBuildPhase section */
		1E6EA32A234D3A6700504727 /* Sources */ = {
			isa = PBXSourcesBuildPhase;
			buildActionMask = 2147483647;
			files = (
				1E4AB239234E7E0B00970E49 /* NoteRow.swift in Sources */,
				1E6EA348234D3B6B00504727 /* Note.swift in Sources */,
				1E6EA34D234D3F0500504727 /* Data.swift in Sources */,
				1E6EA332234D3A6700504727 /* AppDelegate.swift in Sources */,
				1E4AB237234E7C8100970E49 /* UserData.swift in Sources */,
				1E4AB23D234E8FE700970E49 /* NoteStatic.swift in Sources */,
				1E6EA346234D3AF700504727 /* NoteCategory.swift in Sources */,
				1E6EA351234D499900504727 /* NoteDetail.swift in Sources */,
				1E6EA34F234D493C00504727 /* NoteList.swift in Sources */,
				1E6EA334234D3A6700504727 /* SceneDelegate.swift in Sources */,
				1E4AB23B234E8F5D00970E49 /* NoteEditor.swift in Sources */,
				1E6EA336234D3A6700504727 /* ContentView.swift in Sources */,
			);
			runOnlyForDeploymentPostprocessing = 0;
		};
/* End PBXSourcesBuildPhase section */

/* Begin PBXVariantGroup section */
		1E6EA33C234D3A6800504727 /* LaunchScreen.storyboard */ = {
			isa = PBXVariantGroup;
			children = (
				1E6EA33D234D3A6800504727 /* Base */,
			);
			name = LaunchScreen.storyboard;
			sourceTree = "<group>";
		};
/* End PBXVariantGroup section */

/* Begin XCBuildConfiguration section */
		1E6EA340234D3A6800504727 /* Debug */ = {
			isa = XCBuildConfiguration;
			buildSettings = {
				ALWAYS_SEARCH_USER_PATHS = NO;
				CLANG_ANALYZER_NONNULL = YES;
				CLANG_ANALYZER_NUMBER_OBJECT_CONVERSION = YES_AGGRESSIVE;
				CLANG_CXX_LANGUAGE_STANDARD = "gnu++14";
				CLANG_CXX_LIBRARY = "libc++";
				CLANG_ENABLE_MODULES = YES;
				CLANG_ENABLE_OBJC_ARC = YES;
				CLANG_ENABLE_OBJC_WEAK = YES;
				CLANG_WARN_BLOCK_CAPTURE_AUTORELEASING = YES;
				CLANG_WARN_BOOL_CONVERSION = YES;
				CLANG_WARN_COMMA = YES;
				CLANG_WARN_CONSTANT_CONVERSION = YES;
				CLANG_WARN_DEPRECATED_OBJC_IMPLEMENTATIONS = YES;
				CLANG_WARN_DIRECT_OBJC_ISA_USAGE = YES_ERROR;
				CLANG_WARN_DOCUMENTATION_COMMENTS = YES;
				CLANG_WARN_EMPTY_BODY = YES;
				CLANG_WARN_ENUM_CONVERSION = YES;
				CLANG_WARN_INFINITE_RECURSION = YES;
				CLANG_WARN_INT_CONVERSION = YES;
				CLANG_WARN_NON_LITERAL_NULL_CONVERSION = YES;
				CLANG_WARN_OBJC_IMPLICIT_RETAIN_SELF = YES;
				CLANG_WARN_OBJC_LITERAL_CONVERSION = YES;
				CLANG_WARN_OBJC_ROOT_CLASS = YES_ERROR;
				CLANG_WARN_RANGE_LOOP_ANALYSIS = YES;
				CLANG_WARN_STRICT_PROTOTYPES = YES;
				CLANG_WARN_SUSPICIOUS_MOVE = YES;
				CLANG_WARN_UNGUARDED_AVAILABILITY = YES_AGGRESSIVE;
				CLANG_WARN_UNREACHABLE_CODE = YES;
				CLANG_WARN__DUPLICATE_METHOD_MATCH = YES;
				COPY_PHASE_STRIP = NO;
				DEBUG_INFORMATION_FORMAT = dwarf;
				ENABLE_STRICT_OBJC_MSGSEND = YES;
				ENABLE_TESTABILITY = YES;
				GCC_C_LANGUAGE_STANDARD = gnu11;
				GCC_DYNAMIC_NO_PIC = NO;
				GCC_NO_COMMON_BLOCKS = YES;
				GCC_OPTIMIZATION_LEVEL = 0;
				GCC_PREPROCESSOR_DEFINITIONS = (
					"DEBUG=1",
					"$(inherited)",
				);
				GCC_WARN_64_TO_32_BIT_CONVERSION = YES;
				GCC_WARN_ABOUT_RETURN_TYPE = YES_ERROR;
				GCC_WARN_UNDECLARED_SELECTOR = YES;
				GCC_WARN_UNINITIALIZED_AUTOS = YES_AGGRESSIVE;
				GCC_WARN_UNUSED_FUNCTION = YES;
				GCC_WARN_UNUSED_VARIABLE = YES;
				IPHONEOS_DEPLOYMENT_TARGET = 13.0;
				MTL_ENABLE_DEBUG_INFO = INCLUDE_SOURCE;
				MTL_FAST_MATH = YES;
				ONLY_ACTIVE_ARCH = YES;
				SDKROOT = iphoneos;
				SWIFT_ACTIVE_COMPILATION_CONDITIONS = DEBUG;
				SWIFT_OPTIMIZATION_LEVEL = "-Onone";
			};
			name = Debug;
		};
		1E6EA341234D3A6800504727 /* Release */ = {
			isa = XCBuildConfiguration;
			buildSettings = {
				ALWAYS_SEARCH_USER_PATHS = NO;
				CLANG_ANALYZER_NONNULL = YES;
				CLANG_ANALYZER_NUMBER_OBJECT_CONVERSION = YES_AGGRESSIVE;
				CLANG_CXX_LANGUAGE_STANDARD = "gnu++14";
				CLANG_CXX_LIBRARY = "libc++";
				CLANG_ENABLE_MODULES = YES;
				CLANG_ENABLE_OBJC_ARC = YES;
				CLANG_ENABLE_OBJC_WEAK = YES;
				CLANG_WARN_BLOCK_CAPTURE_AUTORELEASING = YES;
				CLANG_WARN_BOOL_CONVERSION = YES;
				CLANG_WARN_COMMA = YES;
				CLANG_WARN_CONSTANT_CONVERSION = YES;
				CLANG_WARN_DEPRECATED_OBJC_IMPLEMENTATIONS = YES;
				CLANG_WARN_DIRECT_OBJC_ISA_USAGE = YES_ERROR;
				CLANG_WARN_DOCUMENTATION_COMMENTS = YES;
				CLANG_WARN_EMPTY_BODY = YES;
				CLANG_WARN_ENUM_CONVERSION = YES;
				CLANG_WARN_INFINITE_RECURSION = YES;
				CLANG_WARN_INT_CONVERSION = YES;
				CLANG_WARN_NON_LITERAL_NULL_CONVERSION = YES;
				CLANG_WARN_OBJC_IMPLICIT_RETAIN_SELF = YES;
				CLANG_WARN_OBJC_LITERAL_CONVERSION = YES;
				CLANG_WARN_OBJC_ROOT_CLASS = YES_ERROR;
				CLANG_WARN_RANGE_LOOP_ANALYSIS = YES;
				CLANG_WARN_STRICT_PROTOTYPES = YES;
				CLANG_WARN_SUSPICIOUS_MOVE = YES;
				CLANG_WARN_UNGUARDED_AVAILABILITY = YES_AGGRESSIVE;
				CLANG_WARN_UNREACHABLE_CODE = YES;
				CLANG_WARN__DUPLICATE_METHOD_MATCH = YES;
				COPY_PHASE_STRIP = NO;
				DEBUG_INFORMATION_FORMAT = "dwarf-with-dsym";
				ENABLE_NS_ASSERTIONS = NO;
				ENABLE_STRICT_OBJC_MSGSEND = YES;
				GCC_C_LANGUAGE_STANDARD = gnu11;
				GCC_NO_COMMON_BLOCKS = YES;
				GCC_WARN_64_TO_32_BIT_CONVERSION = YES;
				GCC_WARN_ABOUT_RETURN_TYPE = YES_ERROR;
				GCC_WARN_UNDECLARED_SELECTOR = YES;
				GCC_WARN_UNINITIALIZED_AUTOS = YES_AGGRESSIVE;
				GCC_WARN_UNUSED_FUNCTION = YES;
				GCC_WARN_UNUSED_VARIABLE = YES;
				IPHONEOS_DEPLOYMENT_TARGET = 13.0;
				MTL_ENABLE_DEBUG_INFO = NO;
				MTL_FAST_MATH = YES;
				SDKROOT = iphoneos;
				SWIFT_COMPILATION_MODE = wholemodule;
				SWIFT_OPTIMIZATION_LEVEL = "-O";
				VALIDATE_PRODUCT = YES;
			};
			name = Release;
		};
		1E6EA343234D3A6800504727 /* Debug */ = {
			isa = XCBuildConfiguration;
			buildSettings = {
				ASSETCATALOG_COMPILER_APPICON_NAME = AppIcon;
				CODE_SIGN_STYLE = Automatic;
				DEVELOPMENT_ASSET_PATHS = "\"ExampleSwiftUI/Preview Content\"";
				DEVELOPMENT_TEAM = TT4RY5CMQ6;
				ENABLE_PREVIEWS = YES;
				INFOPLIST_FILE = ExampleSwiftUI/Info.plist;
				LD_RUNPATH_SEARCH_PATHS = (
					"$(inherited)",
					"@executable_path/Frameworks",
				);
				PRODUCT_BUNDLE_IDENTIFIER = com.blenninger.ExampleSwiftUI;
				PRODUCT_NAME = "$(TARGET_NAME)";
				SWIFT_VERSION = 5.0;
				TARGETED_DEVICE_FAMILY = "1,2";
			};
			name = Debug;
		};
		1E6EA344234D3A6800504727 /* Release */ = {
			isa = XCBuildConfiguration;
			buildSettings = {
				ASSETCATALOG_COMPILER_APPICON_NAME = AppIcon;
				CODE_SIGN_STYLE = Automatic;
				DEVELOPMENT_ASSET_PATHS = "\"ExampleSwiftUI/Preview Content\"";
				DEVELOPMENT_TEAM = TT4RY5CMQ6;
				ENABLE_PREVIEWS = YES;
				INFOPLIST_FILE = ExampleSwiftUI/Info.plist;
				LD_RUNPATH_SEARCH_PATHS = (
					"$(inherited)",
					"@executable_path/Frameworks",
				);
				PRODUCT_BUNDLE_IDENTIFIER = com.blenninger.ExampleSwiftUI;
				PRODUCT_NAME = "$(TARGET_NAME)";
				SWIFT_VERSION = 5.0;
				TARGETED_DEVICE_FAMILY = "1,2";
			};
			name = Release;
		};
/* End XCBuildConfiguration section */

/* Begin XCConfigurationList section */
		1E6EA329234D3A6700504727 /* Build configuration list for PBXProject "ExampleSwiftUI" */ = {
			isa = XCConfigurationList;
			buildConfigurations = (
				1E6EA340234D3A6800504727 /* Debug */,
				1E6EA341234D3A6800504727 /* Release */,
			);
			defaultConfigurationIsVisible = 0;
			defaultConfigurationName = Release;
		};
		1E6EA342234D3A6800504727 /* Build configuration list for PBXNativeTarget "ExampleSwiftUI" */ = {
			isa = XCConfigurationList;
			buildConfigurations = (
				1E6EA343234D3A6800504727 /* Debug */,
				1E6EA344234D3A6800504727 /* Release */,
			);
			defaultConfigurationIsVisible = 0;
			defaultConfigurationName = Release;
		};
/* End XCConfigurationList section */
	};
	rootObject = 1E6EA326234D3A6700504727 /* Project object */;
}
